
Microsoft Visual Studio Solution File, Format Version 12.00
# Visual Studio Version 17
VisualStudioVersion = 17.13.35919.96
MinimumVisualStudioVersion = 10.0.40219.1
Project("{FAE04EC0-301F-11D3-BF4B-00C04F79EFBC}") = "LAb4", "LAb4\LAb4.csproj", "{280F4D02-EF98-4D6A-A025-D44E72C9F558}"
EndProject
Project("{FAE04EC0-301F-11D3-BF4B-00C04F79EFBC}") = "AnimalTest", "AnimalTest\AnimalTest.csproj", "{B2A8196C-2BB3-479D-B4DC-E340D6ED6DEA}"
EndProject
Global
	GlobalSection(SolutionConfigurationPlatforms) = preSolution
		Debug|Any CPU = Debug|Any CPU
		Release|Any CPU = Release|Any CPU
	EndGlobalSection
	GlobalSection(ProjectConfigurationPlatforms) = postSolution
		{280F4D02-EF98-4D6A-A025-D44E72C9F558}.Debug|Any CPU.ActiveCfg = Debug|Any CPU
		{280F4D02-EF98-4D6A-A025-D44E72C9F558}.Debug|Any CPU.Build.0 = Debug|Any CPU
		{280F4D02-EF98-4D6A-A025-D44E72C9F558}.Release|Any CPU.ActiveCfg = Release|Any CPU
		{280F4D02-EF98-4D6A-A025-D44E72C9F558}.Release|Any CPU.Build.0 = Release|Any CPU
		{B2A8196C-2BB3-479D-B4DC-E340D6ED6DEA}.Debug|Any CPU.ActiveCfg = Debug|Any CPU
		{B2A8196C-2BB3-479D-B4DC-E340D6ED6DEA}.Debug|Any CPU.Build.0 = Debug|Any CPU
		{B2A8196C-2BB3-479D-B4DC-E340D6ED6DEA}.Release|Any CPU.ActiveCfg = Release|Any CPU
		{B2A8196C-2BB3-479D-B4DC-E340D6ED6DEA}.Release|Any CPU.Build.0 = Release|Any CPU
	EndGlobalSection
	GlobalSection(SolutionProperties) = preSolution
		HideSolutionNode = FALSE
	EndGlobalSection
	GlobalSection(ExtensibilityGlobals) = postSolution
		SolutionGuid = {145DB998-262C-401A-81C2-428E147640FA}
	EndGlobalSection
EndGlobal
